
Microsoft Visual Studio Solution File, Format Version 12.00
# Visual Studio Version 17
VisualStudioVersion = 17.9.34622.214
MinimumVisualStudioVersion = 10.0.40219.1
Project("{8BC9CEB8-8B4A-11D0-8D11-00A0C91BC942}") = "5701758_0514_listby", "5701758_0514_listby\5701758_0514_listby.vcxproj", "{A3793632-5715-4D43-8E2D-72132E93039C}"
EndProject
Global
	GlobalSection(SolutionConfigurationPlatforms) = preSolution
		Debug|x64 = Debug|x64
		Debug|x86 = Debug|x86
		Release|x64 = Release|x64
		Release|x86 = Release|x86
	EndGlobalSection
	GlobalSection(ProjectConfigurationPlatforms) = postSolution
		{A3793632-5715-4D43-8E2D-72132E93039C}.Debug|x64.ActiveCfg = Debug|x64
		{A3793632-5715-4D43-8E2D-72132E93039C}.Debug|x64.Build.0 = Debug|x64
		{A3793632-5715-4D43-8E2D-72132E93039C}.Debug|x86.ActiveCfg = Debug|Win32
		{A3793632-5715-4D43-8E2D-72132E93039C}.Debug|x86.Build.0 = Debug|Win32
		{A3793632-5715-4D43-8E2D-72132E93039C}.Release|x64.ActiveCfg = Release|x64
		{A3793632-5715-4D43-8E2D-72132E93039C}.Release|x64.Build.0 = Release|x64
		{A3793632-5715-4D43-8E2D-72132E93039C}.Release|x86.ActiveCfg = Release|Win32
		{A3793632-5715-4D43-8E2D-72132E93039C}.Release|x86.Build.0 = Release|Win32
	EndGlobalSection
	GlobalSection(SolutionProperties) = preSolution
		HideSolutionNode = FALSE
	EndGlobalSection
	GlobalSection(ExtensibilityGlobals) = postSolution
		SolutionGuid = {28668463-E2A1-49ED-93A3-B2CC787C5EA7}
	EndGlobalSection
EndGlobal
